// !$*UTF8*$!
{
	archiveVersion = 1;
	classes = {
	};
	objectVersion = 56;
	objects = {

/* Begin PBXBuildFile section */
		7FA8FF512B5406340001A171 /* ToDoList2_0App.swift in Sources */ = {isa = PBXBuildFile; fileRef = 7FA8FF502B5406340001A171 /* ToDoList2_0App.swift */; };
		7FA8FF552B5406350001A171 /* Assets.xcassets in Resources */ = {isa = PBXBuildFile; fileRef = 7FA8FF542B5406350001A171 /* Assets.xcassets */; };
		7FA8FF582B5406350001A171 /* Preview Assets.xcassets in Resources */ = {isa = PBXBuildFile; fileRef = 7FA8FF572B5406350001A171 /* Preview Assets.xcassets */; };
		7FA8FF602B5409790001A171 /* ListView.swift in Sources */ = {isa = PBXBuildFile; fileRef = 7FA8FF5F2B5409790001A171 /* ListView.swift */; };
		7FA8FF622B540A620001A171 /* ListRowView.swift in Sources */ = {isa = PBXBuildFile; fileRef = 7FA8FF612B540A620001A171 /* ListRowView.swift */; };
		7FA8FF642B540D6A0001A171 /* AddView.swift in Sources */ = {isa = PBXBuildFile; fileRef = 7FA8FF632B540D6A0001A171 /* AddView.swift */; };
		7FA8FF672B54110E0001A171 /* ItemModel.swift in Sources */ = {isa = PBXBuildFile; fileRef = 7FA8FF662B54110E0001A171 /* ItemModel.swift */; };
		7FA8FF6A2B541B7C0001A171 /* ListViewModel.swift in Sources */ = {isa = PBXBuildFile; fileRef = 7FA8FF692B541B7C0001A171 /* ListViewModel.swift */; };
		7FA8FF6C2B5442C10001A171 /* noItemsView.swift in Sources */ = {isa = PBXBuildFile; fileRef = 7FA8FF6B2B5442C10001A171 /* noItemsView.swift */; };
/* End PBXBuildFile section */

/* Begin PBXFileReference section */
		7FA8FF4D2B5406340001A171 /* ToDoList2.0.app */ = {isa = PBXFileReference; explicitFileType = wrapper.application; includeInIndex = 0; path = ToDoList2.0.app; sourceTree = BUILT_PRODUCTS_DIR; };
		7FA8FF502B5406340001A171 /* ToDoList2_0App.swift */ = {isa = PBXFileReference; lastKnownFileType = sourcecode.swift; path = ToDoList2_0App.swift; sourceTree = "<group>"; };
		7FA8FF542B5406350001A171 /* Assets.xcassets */ = {isa = PBXFileReference; lastKnownFileType = folder.assetcatalog; path = Assets.xcassets; sourceTree = "<group>"; };
		7FA8FF572B5406350001A171 /* Preview Assets.xcassets */ = {isa = PBXFileReference; lastKnownFileType = folder.assetcatalog; path = "Preview Assets.xcassets"; sourceTree = "<group>"; };
		7FA8FF5F2B5409790001A171 /* ListView.swift */ = {isa = PBXFileReference; lastKnownFileType = sourcecode.swift; path = ListView.swift; sourceTree = "<group>"; };
		7FA8FF612B540A620001A171 /* ListRowView.swift */ = {isa = PBXFileReference; lastKnownFileType = sourcecode.swift; path = ListRowView.swift; sourceTree = "<group>"; };
		7FA8FF632B540D6A0001A171 /* AddView.swift */ = {isa = PBXFileReference; lastKnownFileType = sourcecode.swift; path = AddView.swift; sourceTree = "<group>"; };
		7FA8FF662B54110E0001A171 /* ItemModel.swift */ = {isa = PBXFileReference; lastKnownFileType = sourcecode.swift; path = ItemModel.swift; sourceTree = "<group>"; };
		7FA8FF692B541B7C0001A171 /* ListViewModel.swift */ = {isa = PBXFileReference; lastKnownFileType = sourcecode.swift; path = ListViewModel.swift; sourceTree = "<group>"; };
		7FA8FF6B2B5442C10001A171 /* noItemsView.swift */ = {isa = PBXFileReference; lastKnownFileType = sourcecode.swift; path = noItemsView.swift; sourceTree = "<group>"; };
/* End PBXFileReference section */

/* Begin PBXFrameworksBuildPhase section */
		7FA8FF4A2B5406340001A171 /* Frameworks */ = {
			isa = PBXFrameworksBuildPhase;
			buildActionMask = 2147483647;
			files = (
			);
			runOnlyForDeploymentPostprocessing = 0;
		};
/* End PBXFrameworksBuildPhase section */

/* Begin PBXGroup section */
		7FA8FF442B5406340001A171 = {
			isa = PBXGroup;
			children = (
				7FA8FF4F2B5406340001A171 /* ToDoList2.0 */,
				7FA8FF4E2B5406340001A171 /* Products */,
			);
			sourceTree = "<group>";
		};
		7FA8FF4E2B5406340001A171 /* Products */ = {
			isa = PBXGroup;
			children = (
				7FA8FF4D2B5406340001A171 /* ToDoList2.0.app */,
			);
			name = Products;
			sourceTree = "<group>";
		};
		7FA8FF4F2B5406340001A171 /* ToDoList2.0 */ = {
			isa = PBXGroup;
			children = (
				7FA8FF502B5406340001A171 /* ToDoList2_0App.swift */,
				7FA8FF682B541B600001A171 /* ViewModels */,
				7FA8FF652B5410FD0001A171 /* Models */,
				7FA8FF5E2B5409570001A171 /* Views */,
				7FA8FF542B5406350001A171 /* Assets.xcassets */,
				7FA8FF562B5406350001A171 /* Preview Content */,
			);
			path = ToDoList2.0;
			sourceTree = "<group>";
		};
		7FA8FF562B5406350001A171 /* Preview Content */ = {
			isa = PBXGroup;
			children = (
				7FA8FF572B5406350001A171 /* Preview Assets.xcassets */,
			);
			path = "Preview Content";
			sourceTree = "<group>";
		};
		7FA8FF5E2B5409570001A171 /* Views */ = {
			isa = PBXGroup;
			children = (
				7FA8FF5F2B5409790001A171 /* ListView.swift */,
				7FA8FF6B2B5442C10001A171 /* noItemsView.swift */,
				7FA8FF632B540D6A0001A171 /* AddView.swift */,
				7FA8FF612B540A620001A171 /* ListRowView.swift */,
			);
			path = Views;
			sourceTree = "<group>";
		};
		7FA8FF652B5410FD0001A171 /* Models */ = {
			isa = PBXGroup;
			children = (
				7FA8FF662B54110E0001A171 /* ItemModel.swift */,
			);
			path = Models;
			sourceTree = "<group>";
		};
		7FA8FF682B541B600001A171 /* ViewModels */ = {
			isa = PBXGroup;
			children = (
				7FA8FF692B541B7C0001A171 /* ListViewModel.swift */,
			);
			path = ViewModels;
			sourceTree = "<group>";
		};
/* End PBXGroup section */

/* Begin PBXNativeTarget section */
		7FA8FF4C2B5406340001A171 /* ToDoList2.0 */ = {
			isa = PBXNativeTarget;
			buildConfigurationList = 7FA8FF5B2B5406350001A171 /* Build configuration list for PBXNativeTarget "ToDoList2.0" */;
			buildPhases = (
				7FA8FF492B5406340001A171 /* Sources */,
				7FA8FF4A2B5406340001A171 /* Frameworks */,
				7FA8FF4B2B5406340001A171 /* Resources */,
			);
			buildRules = (
			);
			dependencies = (
			);
			name = ToDoList2.0;
			productName = ToDoList2.0;
			productReference = 7FA8FF4D2B5406340001A171 /* ToDoList2.0.app */;
			productType = "com.apple.product-type.application";
		};
/* End PBXNativeTarget section */

/* Begin PBXProject section */
		7FA8FF452B5406340001A171 /* Project object */ = {
			isa = PBXProject;
			attributes = {
				BuildIndependentTargetsInParallel = 1;
				LastSwiftUpdateCheck = 1500;
				LastUpgradeCheck = 1500;
				TargetAttributes = {
					7FA8FF4C2B5406340001A171 = {
						CreatedOnToolsVersion = 15.0.1;
					};
				};
			};
			buildConfigurationList = 7FA8FF482B5406340001A171 /* Build configuration list for PBXProject "ToDoList2.0" */;
			compatibilityVersion = "Xcode 14.0";
			developmentRegion = en;
			hasScannedForEncodings = 0;
			knownRegions = (
				en,
				Base,
			);
			mainGroup = 7FA8FF442B5406340001A171;
			productRefGroup = 7FA8FF4E2B5406340001A171 /* Products */;
			projectDirPath = "";
			projectRoot = "";
			targets = (
				7FA8FF4C2B5406340001A171 /* ToDoList2.0 */,
			);
		};
/* End PBXProject section */

/* Begin PBXResourcesBuildPhase section */
		7FA8FF4B2B5406340001A171 /* Resources */ = {
			isa = PBXResourcesBuildPhase;
			buildActionMask = 2147483647;
			files = (
				7FA8FF582B5406350001A171 /* Preview Assets.xcassets in Resources */,
				7FA8FF552B5406350001A171 /* Assets.xcassets in Resources */,
			);
			runOnlyForDeploymentPostprocessing = 0;
		};
/* End PBXResourcesBuildPhase section */

/* Begin PBXSourcesBuildPhase section */
		7FA8FF492B5406340001A171 /* Sources */ = {
			isa = PBXSourcesBuildPhase;
			buildActionMask = 2147483647;
			files = (
				7FA8FF6C2B5442C10001A171 /* noItemsView.swift in Sources */,
				7FA8FF672B54110E0001A171 /* ItemModel.swift in Sources */,
				7FA8FF642B540D6A0001A171 /* AddView.swift in Sources */,
				7FA8FF6A2B541B7C0001A171 /* ListViewModel.swift in Sources */,
				7FA8FF512B5406340001A171 /* ToDoList2_0App.swift in Sources */,
				7FA8FF602B5409790001A171 /* ListView.swift in Sources */,
				7FA8FF622B540A620001A171 /* ListRowView.swift in Sources */,
			);
			runOnlyForDeploymentPostprocessing = 0;
		};
/* End PBXSourcesBuildPhase section */

/* Begin XCBuildConfiguration section */
		7FA8FF592B5406350001A171 /* Debug */ = {
			isa = XCBuildConfiguration;
			buildSettings = {
				ALWAYS_SEARCH_USER_PATHS = NO;
				ASSETCATALOG_COMPILER_GENERATE_SWIFT_ASSET_SYMBOL_EXTENSIONS = YES;
				CLANG_ANALYZER_NONNULL = YES;
				CLANG_ANALYZER_NUMBER_OBJECT_CONVERSION = YES_AGGRESSIVE;
				CLANG_CXX_LANGUAGE_STANDARD = "gnu++20";
				CLANG_ENABLE_MODULES = YES;
				CLANG_ENABLE_OBJC_ARC = YES;
				CLANG_ENABLE_OBJC_WEAK = YES;
				CLANG_WARN_BLOCK_CAPTURE_AUTORELEASING = YES;
				CLANG_WARN_BOOL_CONVERSION = YES;
				CLANG_WARN_COMMA = YES;
				CLANG_WARN_CONSTANT_CONVERSION = YES;
				CLANG_WARN_DEPRECATED_OBJC_IMPLEMENTATIONS = YES;
				CLANG_WARN_DIRECT_OBJC_ISA_USAGE = YES_ERROR;
				CLANG_WARN_DOCUMENTATION_COMMENTS = YES;
				CLANG_WARN_EMPTY_BODY = YES;
				CLANG_WARN_ENUM_CONVERSION = YES;
				CLANG_WARN_INFINITE_RECURSION = YES;
				CLANG_WARN_INT_CONVERSION = YES;
				CLANG_WARN_NON_LITERAL_NULL_CONVERSION = YES;
				CLANG_WARN_OBJC_IMPLICIT_RETAIN_SELF = YES;
				CLANG_WARN_OBJC_LITERAL_CONVERSION = YES;
				CLANG_WARN_OBJC_ROOT_CLASS = YES_ERROR;
				CLANG_WARN_QUOTED_INCLUDE_IN_FRAMEWORK_HEADER = YES;
				CLANG_WARN_RANGE_LOOP_ANALYSIS = YES;
				CLANG_WARN_STRICT_PROTOTYPES = YES;
				CLANG_WARN_SUSPICIOUS_MOVE = YES;
				CLANG_WARN_UNGUARDED_AVAILABILITY = YES_AGGRESSIVE;
				CLANG_WARN_UNREACHABLE_CODE = YES;
				CLANG_WARN__DUPLICATE_METHOD_MATCH = YES;
				COPY_PHASE_STRIP = NO;
				DEBUG_INFORMATION_FORMAT = dwarf;
				ENABLE_STRICT_OBJC_MSGSEND = YES;
				ENABLE_TESTABILITY = YES;
				ENABLE_USER_SCRIPT_SANDBOXING = YES;
				GCC_C_LANGUAGE_STANDARD = gnu17;
				GCC_DYNAMIC_NO_PIC = NO;
				GCC_NO_COMMON_BLOCKS = YES;
				GCC_OPTIMIZATION_LEVEL = 0;
				GCC_PREPROCESSOR_DEFINITIONS = (
					"DEBUG=1",
					"$(inherited)",
				);
				GCC_WARN_64_TO_32_BIT_CONVERSION = YES;
				GCC_WARN_ABOUT_RETURN_TYPE = YES_ERROR;
				GCC_WARN_UNDECLARED_SELECTOR = YES;
				GCC_WARN_UNINITIALIZED_AUTOS = YES_AGGRESSIVE;
				GCC_WARN_UNUSED_FUNCTION = YES;
				GCC_WARN_UNUSED_VARIABLE = YES;
				IPHONEOS_DEPLOYMENT_TARGET = 17.0;
				LOCALIZATION_PREFERS_STRING_CATALOGS = YES;
				MTL_ENABLE_DEBUG_INFO = INCLUDE_SOURCE;
				MTL_FAST_MATH = YES;
				ONLY_ACTIVE_ARCH = YES;
				SDKROOT = iphoneos;
				SWIFT_ACTIVE_COMPILATION_CONDITIONS = "DEBUG $(inherited)";
				SWIFT_OPTIMIZATION_LEVEL = "-Onone";
			};
			name = Debug;
		};
		7FA8FF5A2B5406350001A171 /* Release */ = {
			isa = XCBuildConfiguration;
			buildSettings = {
				ALWAYS_SEARCH_USER_PATHS = NO;
				ASSETCATALOG_COMPILER_GENERATE_SWIFT_ASSET_SYMBOL_EXTENSIONS = YES;
				CLANG_ANALYZER_NONNULL = YES;
				CLANG_ANALYZER_NUMBER_OBJECT_CONVERSION = YES_AGGRESSIVE;
				CLANG_CXX_LANGUAGE_STANDARD = "gnu++20";
				CLANG_ENABLE_MODULES = YES;
				CLANG_ENABLE_OBJC_ARC = YES;
				CLANG_ENABLE_OBJC_WEAK = YES;
				CLANG_WARN_BLOCK_CAPTURE_AUTORELEASING = YES;
				CLANG_WARN_BOOL_CONVERSION = YES;
				CLANG_WARN_COMMA = YES;
				CLANG_WARN_CONSTANT_CONVERSION = YES;
				CLANG_WARN_DEPRECATED_OBJC_IMPLEMENTATIONS = YES;
				CLANG_WARN_DIRECT_OBJC_ISA_USAGE = YES_ERROR;
				CLANG_WARN_DOCUMENTATION_COMMENTS = YES;
				CLANG_WARN_EMPTY_BODY = YES;
				CLANG_WARN_ENUM_CONVERSION = YES;
				CLANG_WARN_INFINITE_RECURSION = YES;
				CLANG_WARN_INT_CONVERSION = YES;
				CLANG_WARN_NON_LITERAL_NULL_CONVERSION = YES;
				CLANG_WARN_OBJC_IMPLICIT_RETAIN_SELF = YES;
				CLANG_WARN_OBJC_LITERAL_CONVERSION = YES;
				CLANG_WARN_OBJC_ROOT_CLASS = YES_ERROR;
				CLANG_WARN_QUOTED_INCLUDE_IN_FRAMEWORK_HEADER = YES;
				CLANG_WARN_RANGE_LOOP_ANALYSIS = YES;
				CLANG_WARN_STRICT_PROTOTYPES = YES;
				CLANG_WARN_SUSPICIOUS_MOVE = YES;
				CLANG_WARN_UNGUARDED_AVAILABILITY = YES_AGGRESSIVE;
				CLANG_WARN_UNREACHABLE_CODE = YES;
				CLANG_WARN__DUPLICATE_METHOD_MATCH = YES;
				COPY_PHASE_STRIP = NO;
				DEBUG_INFORMATION_FORMAT = "dwarf-with-dsym";
				ENABLE_NS_ASSERTIONS = NO;
				ENABLE_STRICT_OBJC_MSGSEND = YES;
				ENABLE_USER_SCRIPT_SANDBOXING = YES;
				GCC_C_LANGUAGE_STANDARD = gnu17;
				GCC_NO_COMMON_BLOCKS = YES;
				GCC_WARN_64_TO_32_BIT_CONVERSION = YES;
				GCC_WARN_ABOUT_RETURN_TYPE = YES_ERROR;
				GCC_WARN_UNDECLARED_SELECTOR = YES;
				GCC_WARN_UNINITIALIZED_AUTOS = YES_AGGRESSIVE;
				GCC_WARN_UNUSED_FUNCTION = YES;
				GCC_WARN_UNUSED_VARIABLE = YES;
				IPHONEOS_DEPLOYMENT_TARGET = 17.0;
				LOCALIZATION_PREFERS_STRING_CATALOGS = YES;
				MTL_ENABLE_DEBUG_INFO = NO;
				MTL_FAST_MATH = YES;
				SDKROOT = iphoneos;
				SWIFT_COMPILATION_MODE = wholemodule;
				VALIDATE_PRODUCT = YES;
			};
			name = Release;
		};
		7FA8FF5C2B5406350001A171 /* Debug */ = {
			isa = XCBuildConfiguration;
			buildSettings = {
				ASSETCATALOG_COMPILER_APPICON_NAME = AppIcon;
				ASSETCATALOG_COMPILER_GLOBAL_ACCENT_COLOR_NAME = AccentColor;
				CODE_SIGN_STYLE = Automatic;
				CURRENT_PROJECT_VERSION = 1;
				DEVELOPMENT_ASSET_PATHS = "\"ToDoList2.0/Preview Content\"";
				DEVELOPMENT_TEAM = 925B85HP52;
				ENABLE_PREVIEWS = YES;
				GENERATE_INFOPLIST_FILE = YES;
				INFOPLIST_KEY_UIApplicationSceneManifest_Generation = YES;
				INFOPLIST_KEY_UIApplicationSupportsIndirectInputEvents = YES;
				INFOPLIST_KEY_UILaunchScreen_Generation = YES;
				INFOPLIST_KEY_UISupportedInterfaceOrientations_iPad = "UIInterfaceOrientationPortrait UIInterfaceOrientationPortraitUpsideDown UIInterfaceOrientationLandscapeLeft UIInterfaceOrientationLandscapeRight";
				INFOPLIST_KEY_UISupportedInterfaceOrientations_iPhone = "UIInterfaceOrientationPortrait UIInterfaceOrientationLandscapeLeft UIInterfaceOrientationLandscapeRight";
				LD_RUNPATH_SEARCH_PATHS = (
					"$(inherited)",
					"@executable_path/Frameworks",
				);
				MARKETING_VERSION = 1.0;
				PRODUCT_BUNDLE_IDENTIFIER = "yourcompany.com.ToDoList2-0";
				PRODUCT_NAME = "$(TARGET_NAME)";
				SWIFT_EMIT_LOC_STRINGS = YES;
				SWIFT_VERSION = 5.0;
				TARGETED_DEVICE_FAMILY = "1,2";
			};
			name = Debug;
		};
		7FA8FF5D2B5406350001A171 /* Release */ = {
			isa = XCBuildConfiguration;
			buildSettings = {
				ASSETCATALOG_COMPILER_APPICON_NAME = AppIcon;
				ASSETCATALOG_COMPILER_GLOBAL_ACCENT_COLOR_NAME = AccentColor;
				CODE_SIGN_STYLE = Automatic;
				CURRENT_PROJECT_VERSION = 1;
				DEVELOPMENT_ASSET_PATHS = "\"ToDoList2.0/Preview Content\"";
				DEVELOPMENT_TEAM = 925B85HP52;
				ENABLE_PREVIEWS = YES;
				GENERATE_INFOPLIST_FILE = YES;
				INFOPLIST_KEY_UIApplicationSceneManifest_Generation = YES;
				INFOPLIST_KEY_UIApplicationSupportsIndirectInputEvents = YES;
				INFOPLIST_KEY_UILaunchScreen_Generation = YES;
				INFOPLIST_KEY_UISupportedInterfaceOrientations_iPad = "UIInterfaceOrientationPortrait UIInterfaceOrientationPortraitUpsideDown UIInterfaceOrientationLandscapeLeft UIInterfaceOrientationLandscapeRight";
				INFOPLIST_KEY_UISupportedInterfaceOrientations_iPhone = "UIInterfaceOrientationPortrait UIInterfaceOrientationLandscapeLeft UIInterfaceOrientationLandscapeRight";
				LD_RUNPATH_SEARCH_PATHS = (
					"$(inherited)",
					"@executable_path/Frameworks",
				);
				MARKETING_VERSION = 1.0;
				PRODUCT_BUNDLE_IDENTIFIER = "yourcompany.com.ToDoList2-0";
				PRODUCT_NAME = "$(TARGET_NAME)";
				SWIFT_EMIT_LOC_STRINGS = YES;
				SWIFT_VERSION = 5.0;
				TARGETED_DEVICE_FAMILY = "1,2";
			};
			name = Release;
		};
/* End XCBuildConfiguration section */

/* Begin XCConfigurationList section */
		7FA8FF482B5406340001A171 /* Build configuration list for PBXProject "ToDoList2.0" */ = {
			isa = XCConfigurationList;
			buildConfigurations = (
				7FA8FF592B5406350001A171 /* Debug */,
				7FA8FF5A2B5406350001A171 /* Release */,
			);
			defaultConfigurationIsVisible = 0;
			defaultConfigurationName = Release;
		};
		7FA8FF5B2B5406350001A171 /* Build configuration list for PBXNativeTarget "ToDoList2.0" */ = {
			isa = XCConfigurationList;
			buildConfigurations = (
				7FA8FF5C2B5406350001A171 /* Debug */,
				7FA8FF5D2B5406350001A171 /* Release */,
			);
			defaultConfigurationIsVisible = 0;
			defaultConfigurationName = Release;
		};
/* End XCConfigurationList section */
	};
	rootObject = 7FA8FF452B5406340001A171 /* Project object */;
}
